{
  "name": "miniprogram",
  "version": "1.0.0",
  "lockfileVersion": 1,
  "requires": true,
  "dependencies": {
    "@vant/weapp": {
      "version": "1.5.1",
      "resolved": "https://registry.npm.taobao.org/@vant/weapp/download/@vant/weapp-1.5.1.tgz",
      "integrity": "sha1-cQSRU+ZuTNXM1CoTOPq0cuWlJEs="
    },
    "animate.css": {
      "version": "4.1.0",
      "resolved": "https://registry.npm.taobao.org/animate.css/download/animate.css-4.1.0.tgz",
      "integrity": "sha1-3sKqvkur/G9nd/mlzM0TKDhym1A="
    },
    "mini-color-picker": {
      "version": "0.1.1",
      "resolved": "https://registry.npmjs.org/mini-color-picker/-/mini-color-picker-0.1.1.tgz",
      "integrity": "sha512-8SMppSY83+nVTD2qsSfJ3ekd/BWn5Z5mRyu1zNH2DS3bN4XKgUww4tgx0ZUA1YHjLjPpEG0I6WBgOC7zmEGTUg=="
    }
  }
}
